
Microsoft Visual Studio Solution File, Format Version 12.00
# Visual Studio Version 17
VisualStudioVersion = 17.5.002.0
MinimumVisualStudioVersion = 10.0.40219.1
Project("{2150E333-8FDC-42A3-9474-1A3956D46DE8}") = "csharp-prep", "csharp-prep", "{169F8B53-29AA-469E-897C-336BF0B4D08A}"
EndProject
Project("{9A19103F-16F7-4668-BE54-9A1E7A4F7556}") = "Prep1", "csharp-prep\Prep1\Prep1.csproj", "{20319BBB-8CC5-4365-958E-36228DD004A7}"
EndProject
Project("{9A19103F-16F7-4668-BE54-9A1E7A4F7556}") = "Prep2", "csharp-prep\Prep2\Prep2.csproj", "{B3685A53-80A0-4F61-82EE-AB56C0F26ECB}"
EndProject
Project("{9A19103F-16F7-4668-BE54-9A1E7A4F7556}") = "Prep3", "csharp-prep\Prep3\Prep3.csproj", "{E4E56130-2C69-4B7F-A6AF-21D09FDB3FDD}"
EndProject
Project("{9A19103F-16F7-4668-BE54-9A1E7A4F7556}") = "Prep4", "csharp-prep\Prep4\Prep4.csproj", "{341526BF-0003-442C-B10E-79A670403F6B}"
EndProject
Project("{9A19103F-16F7-4668-BE54-9A1E7A4F7556}") = "Prep5", "csharp-prep\Prep5\Prep5.csproj", "{947827C0-1D58-4216-8265-946A7ABAA097}"
EndProject
Project("{2150E333-8FDC-42A3-9474-1A3956D46DE8}") = "final", "final", "{E12EB5F6-20F6-4925-AAA2-1344B290AF14}"
EndProject
Project("{9A19103F-16F7-4668-BE54-9A1E7A4F7556}") = "FinalProject", "final\FinalProject\FinalProject.csproj", "{2FBA6804-C7E7-46E3-BD6C-61DB86EA29C3}"
EndProject
Project("{9A19103F-16F7-4668-BE54-9A1E7A4F7556}") = "Foundation1", "final\Foundation1\Foundation1.csproj", "{A363B7B3-9E32-4AFC-8652-EA1ED46E10BB}"
EndProject
Project("{9A19103F-16F7-4668-BE54-9A1E7A4F7556}") = "Foundation2", "final\Foundation2\Foundation2.csproj", "{06C604E2-1173-4864-86FF-621C6AA82FAA}"
EndProject
Project("{9A19103F-16F7-4668-BE54-9A1E7A4F7556}") = "Foundation3", "final\Foundation3\Foundation3.csproj", "{D75770DA-5038-4007-983D-FB6C43042580}"
EndProject
Project("{9A19103F-16F7-4668-BE54-9A1E7A4F7556}") = "Foundation4", "final\Foundation4\Foundation4.csproj", "{AAB91ADA-F458-4EC8-BFEF-E98786CC5486}"
EndProject
Project("{2150E333-8FDC-42A3-9474-1A3956D46DE8}") = "prepare", "prepare", "{58CE0748-3574-43BC-AE73-E5D0148439BB}"
EndProject
Project("{9A19103F-16F7-4668-BE54-9A1E7A4F7556}") = "Learning02", "prepare\Learning02\Learning02.csproj", "{C17AC9B9-C1EE-493F-9A2F-8A1701671EAC}"
EndProject
Project("{9A19103F-16F7-4668-BE54-9A1E7A4F7556}") = "Learning03", "prepare\Learning03\Learning03.csproj", "{E4879F36-291B-4E5B-BA1C-944E79F584DF}"
EndProject
Project("{9A19103F-16F7-4668-BE54-9A1E7A4F7556}") = "Learning04", "prepare\Learning04\Learning04.csproj", "{2F61BE25-F982-4793-B016-698A32A646DC}"
EndProject
Project("{9A19103F-16F7-4668-BE54-9A1E7A4F7556}") = "Learning05", "prepare\Learning05\Learning05.csproj", "{333259D2-1608-4D66-B485-6C7DFC84EB38}"
EndProject
Project("{2150E333-8FDC-42A3-9474-1A3956D46DE8}") = "prove", "prove", "{C2DBADDA-0F70-471E-A409-C91D72D2DADD}"
EndProject
Project("{9A19103F-16F7-4668-BE54-9A1E7A4F7556}") = "Develop02", "prove\Develop02\Develop02.csproj", "{F94CAC3B-F9F9-4C5A-BF70-6404E4DC457C}"
EndProject
Project("{9A19103F-16F7-4668-BE54-9A1E7A4F7556}") = "Develop03", "prove\Develop03\Develop03.csproj", "{F56D0884-73F8-4E7F-82EE-9CB9EB8940C2}"
EndProject
Project("{9A19103F-16F7-4668-BE54-9A1E7A4F7556}") = "Develop04", "prove\Develop04\Develop04.csproj", "{068D3222-066E-4C4D-9455-0E98B115CD2F}"
EndProject
Project("{9A19103F-16F7-4668-BE54-9A1E7A4F7556}") = "Develop05", "prove\Develop05\Develop05.csproj", "{60EE0B74-F716-4CCC-AAC5-D3E279AA05EF}"
EndProject
Project("{2150E333-8FDC-42A3-9474-1A3956D46DE8}") = "sandbox", "sandbox", "{FBD33325-BD04-4DFB-9535-F3B9F734C6FF}"
EndProject
Project("{9A19103F-16F7-4668-BE54-9A1E7A4F7556}") = "Sandbox", "sandbox\Sandbox\Sandbox.csproj", "{C47A4C2B-8A73-4846-A340-053E340DD572}"
EndProject
Global
	GlobalSection(SolutionConfigurationPlatforms) = preSolution
		Debug|Any CPU = Debug|Any CPU
		Release|Any CPU = Release|Any CPU
	EndGlobalSection
	GlobalSection(ProjectConfigurationPlatforms) = postSolution
		{20319BBB-8CC5-4365-958E-36228DD004A7}.Debug|Any CPU.ActiveCfg = Debug|Any CPU
		{20319BBB-8CC5-4365-958E-36228DD004A7}.Debug|Any CPU.Build.0 = Debug|Any CPU
		{20319BBB-8CC5-4365-958E-36228DD004A7}.Release|Any CPU.ActiveCfg = Release|Any CPU
		{20319BBB-8CC5-4365-958E-36228DD004A7}.Release|Any CPU.Build.0 = Release|Any CPU
		{B3685A53-80A0-4F61-82EE-AB56C0F26ECB}.Debug|Any CPU.ActiveCfg = Debug|Any CPU
		{B3685A53-80A0-4F61-82EE-AB56C0F26ECB}.Debug|Any CPU.Build.0 = Debug|Any CPU
		{B3685A53-80A0-4F61-82EE-AB56C0F26ECB}.Release|Any CPU.ActiveCfg = Release|Any CPU
		{B3685A53-80A0-4F61-82EE-AB56C0F26ECB}.Release|Any CPU.Build.0 = Release|Any CPU
		{E4E56130-2C69-4B7F-A6AF-21D09FDB3FDD}.Debug|Any CPU.ActiveCfg = Debug|Any CPU
		{E4E56130-2C69-4B7F-A6AF-21D09FDB3FDD}.Debug|Any CPU.Build.0 = Debug|Any CPU
		{E4E56130-2C69-4B7F-A6AF-21D09FDB3FDD}.Release|Any CPU.ActiveCfg = Release|Any CPU
		{E4E56130-2C69-4B7F-A6AF-21D09FDB3FDD}.Release|Any CPU.Build.0 = Release|Any CPU
		{341526BF-0003-442C-B10E-79A670403F6B}.Debug|Any CPU.ActiveCfg = Debug|Any CPU
		{341526BF-0003-442C-B10E-79A670403F6B}.Debug|Any CPU.Build.0 = Debug|Any CPU
		{341526BF-0003-442C-B10E-79A670403F6B}.Release|Any CPU.ActiveCfg = Release|Any CPU
		{341526BF-0003-442C-B10E-79A670403F6B}.Release|Any CPU.Build.0 = Release|Any CPU
		{947827C0-1D58-4216-8265-946A7ABAA097}.Debug|Any CPU.ActiveCfg = Debug|Any CPU
		{947827C0-1D58-4216-8265-946A7ABAA097}.Debug|Any CPU.Build.0 = Debug|Any CPU
		{947827C0-1D58-4216-8265-946A7ABAA097}.Release|Any CPU.ActiveCfg = Release|Any CPU
		{947827C0-1D58-4216-8265-946A7ABAA097}.Release|Any CPU.Build.0 = Release|Any CPU
		{2FBA6804-C7E7-46E3-BD6C-61DB86EA29C3}.Debug|Any CPU.ActiveCfg = Debug|Any CPU
		{2FBA6804-C7E7-46E3-BD6C-61DB86EA29C3}.Debug|Any CPU.Build.0 = Debug|Any CPU
		{2FBA6804-C7E7-46E3-BD6C-61DB86EA29C3}.Release|Any CPU.ActiveCfg = Release|Any CPU
		{2FBA6804-C7E7-46E3-BD6C-61DB86EA29C3}.Release|Any CPU.Build.0 = Release|Any CPU
		{A363B7B3-9E32-4AFC-8652-EA1ED46E10BB}.Debug|Any CPU.ActiveCfg = Debug|Any CPU
		{A363B7B3-9E32-4AFC-8652-EA1ED46E10BB}.Debug|Any CPU.Build.0 = Debug|Any CPU
		{A363B7B3-9E32-4AFC-8652-EA1ED46E10BB}.Release|Any CPU.ActiveCfg = Release|Any CPU
		{A363B7B3-9E32-4AFC-8652-EA1ED46E10BB}.Release|Any CPU.Build.0 = Release|Any CPU
		{06C604E2-1173-4864-86FF-621C6AA82FAA}.Debug|Any CPU.ActiveCfg = Debug|Any CPU
		{06C604E2-1173-4864-86FF-621C6AA82FAA}.Debug|Any CPU.Build.0 = Debug|Any CPU
		{06C604E2-1173-4864-86FF-621C6AA82FAA}.Release|Any CPU.ActiveCfg = Release|Any CPU
		{06C604E2-1173-4864-86FF-621C6AA82FAA}.Release|Any CPU.Build.0 = Release|Any CPU
		{D75770DA-5038-4007-983D-FB6C43042580}.Debug|Any CPU.ActiveCfg = Debug|Any CPU
		{D75770DA-5038-4007-983D-FB6C43042580}.Debug|Any CPU.Build.0 = Debug|Any CPU
		{D75770DA-5038-4007-983D-FB6C43042580}.Release|Any CPU.ActiveCfg = Release|Any CPU
		{D75770DA-5038-4007-983D-FB6C43042580}.Release|Any CPU.Build.0 = Release|Any CPU
		{AAB91ADA-F458-4EC8-BFEF-E98786CC5486}.Debug|Any CPU.ActiveCfg = Debug|Any CPU
		{AAB91ADA-F458-4EC8-BFEF-E98786CC5486}.Debug|Any CPU.Build.0 = Debug|Any CPU
		{AAB91ADA-F458-4EC8-BFEF-E98786CC5486}.Release|Any CPU.ActiveCfg = Release|Any CPU
		{AAB91ADA-F458-4EC8-BFEF-E98786CC5486}.Release|Any CPU.Build.0 = Release|Any CPU
		{C17AC9B9-C1EE-493F-9A2F-8A1701671EAC}.Debug|Any CPU.ActiveCfg = Debug|Any CPU
		{C17AC9B9-C1EE-493F-9A2F-8A1701671EAC}.Debug|Any CPU.Build.0 = Debug|Any CPU
		{C17AC9B9-C1EE-493F-9A2F-8A1701671EAC}.Release|Any CPU.ActiveCfg = Release|Any CPU
		{C17AC9B9-C1EE-493F-9A2F-8A1701671EAC}.Release|Any CPU.Build.0 = Release|Any CPU
		{E4879F36-291B-4E5B-BA1C-944E79F584DF}.Debug|Any CPU.ActiveCfg = Debug|Any CPU
		{E4879F36-291B-4E5B-BA1C-944E79F584DF}.Debug|Any CPU.Build.0 = Debug|Any CPU
		{E4879F36-291B-4E5B-BA1C-944E79F584DF}.Release|Any CPU.ActiveCfg = Release|Any CPU
		{E4879F36-291B-4E5B-BA1C-944E79F584DF}.Release|Any CPU.Build.0 = Release|Any CPU
		{2F61BE25-F982-4793-B016-698A32A646DC}.Debug|Any CPU.ActiveCfg = Debug|Any CPU
		{2F61BE25-F982-4793-B016-698A32A646DC}.Debug|Any CPU.Build.0 = Debug|Any CPU
		{2F61BE25-F982-4793-B016-698A32A646DC}.Release|Any CPU.ActiveCfg = Release|Any CPU
		{2F61BE25-F982-4793-B016-698A32A646DC}.Release|Any CPU.Build.0 = Release|Any CPU
		{333259D2-1608-4D66-B485-6C7DFC84EB38}.Debug|Any CPU.ActiveCfg = Debug|Any CPU
		{333259D2-1608-4D66-B485-6C7DFC84EB38}.Debug|Any CPU.Build.0 = Debug|Any CPU
		{333259D2-1608-4D66-B485-6C7DFC84EB38}.Release|Any CPU.ActiveCfg = Release|Any CPU
		{333259D2-1608-4D66-B485-6C7DFC84EB38}.Release|Any CPU.Build.0 = Release|Any CPU
		{F94CAC3B-F9F9-4C5A-BF70-6404E4DC457C}.Debug|Any CPU.ActiveCfg = Debug|Any CPU
		{F94CAC3B-F9F9-4C5A-BF70-6404E4DC457C}.Debug|Any CPU.Build.0 = Debug|Any CPU
		{F94CAC3B-F9F9-4C5A-BF70-6404E4DC457C}.Release|Any CPU.ActiveCfg = Release|Any CPU
		{F94CAC3B-F9F9-4C5A-BF70-6404E4DC457C}.Release|Any CPU.Build.0 = Release|Any CPU
		{F56D0884-73F8-4E7F-82EE-9CB9EB8940C2}.Debug|Any CPU.ActiveCfg = Debug|Any CPU
		{F56D0884-73F8-4E7F-82EE-9CB9EB8940C2}.Debug|Any CPU.Build.0 = Debug|Any CPU
		{F56D0884-73F8-4E7F-82EE-9CB9EB8940C2}.Release|Any CPU.ActiveCfg = Release|Any CPU
		{F56D0884-73F8-4E7F-82EE-9CB9EB8940C2}.Release|Any CPU.Build.0 = Release|Any CPU
		{068D3222-066E-4C4D-9455-0E98B115CD2F}.Debug|Any CPU.ActiveCfg = Debug|Any CPU
		{068D3222-066E-4C4D-9455-0E98B115CD2F}.Debug|Any CPU.Build.0 = Debug|Any CPU
		{068D3222-066E-4C4D-9455-0E98B115CD2F}.Release|Any CPU.ActiveCfg = Release|Any CPU
		{068D3222-066E-4C4D-9455-0E98B115CD2F}.Release|Any CPU.Build.0 = Release|Any CPU
		{60EE0B74-F716-4CCC-AAC5-D3E279AA05EF}.Debug|Any CPU.ActiveCfg = Debug|Any CPU
		{60EE0B74-F716-4CCC-AAC5-D3E279AA05EF}.Debug|Any CPU.Build.0 = Debug|Any CPU
		{60EE0B74-F716-4CCC-AAC5-D3E279AA05EF}.Release|Any CPU.ActiveCfg = Release|Any CPU
		{60EE0B74-F716-4CCC-AAC5-D3E279AA05EF}.Release|Any CPU.Build.0 = Release|Any CPU
		{C47A4C2B-8A73-4846-A340-053E340DD572}.Debug|Any CPU.ActiveCfg = Debug|Any CPU
		{C47A4C2B-8A73-4846-A340-053E340DD572}.Debug|Any CPU.Build.0 = Debug|Any CPU
		{C47A4C2B-8A73-4846-A340-053E340DD572}.Release|Any CPU.ActiveCfg = Release|Any CPU
		{C47A4C2B-8A73-4846-A340-053E340DD572}.Release|Any CPU.Build.0 = Release|Any CPU
	EndGlobalSection
	GlobalSection(SolutionProperties) = preSolution
		HideSolutionNode = FALSE
	EndGlobalSection
	GlobalSection(NestedProjects) = preSolution
		{20319BBB-8CC5-4365-958E-36228DD004A7} = {169F8B53-29AA-469E-897C-336BF0B4D08A}
		{B3685A53-80A0-4F61-82EE-AB56C0F26ECB} = {169F8B53-29AA-469E-897C-336BF0B4D08A}
		{E4E56130-2C69-4B7F-A6AF-21D09FDB3FDD} = {169F8B53-29AA-469E-897C-336BF0B4D08A}
		{341526BF-0003-442C-B10E-79A670403F6B} = {169F8B53-29AA-469E-897C-336BF0B4D08A}
		{947827C0-1D58-4216-8265-946A7ABAA097} = {169F8B53-29AA-469E-897C-336BF0B4D08A}
		{2FBA6804-C7E7-46E3-BD6C-61DB86EA29C3} = {E12EB5F6-20F6-4925-AAA2-1344B290AF14}
		{A363B7B3-9E32-4AFC-8652-EA1ED46E10BB} = {E12EB5F6-20F6-4925-AAA2-1344B290AF14}
		{06C604E2-1173-4864-86FF-621C6AA82FAA} = {E12EB5F6-20F6-4925-AAA2-1344B290AF14}
		{D75770DA-5038-4007-983D-FB6C43042580} = {E12EB5F6-20F6-4925-AAA2-1344B290AF14}
		{AAB91ADA-F458-4EC8-BFEF-E98786CC5486} = {E12EB5F6-20F6-4925-AAA2-1344B290AF14}
		{C17AC9B9-C1EE-493F-9A2F-8A1701671EAC} = {58CE0748-3574-43BC-AE73-E5D0148439BB}
		{E4879F36-291B-4E5B-BA1C-944E79F584DF} = {58CE0748-3574-43BC-AE73-E5D0148439BB}
		{2F61BE25-F982-4793-B016-698A32A646DC} = {58CE0748-3574-43BC-AE73-E5D0148439BB}
		{333259D2-1608-4D66-B485-6C7DFC84EB38} = {58CE0748-3574-43BC-AE73-E5D0148439BB}
		{F94CAC3B-F9F9-4C5A-BF70-6404E4DC457C} = {C2DBADDA-0F70-471E-A409-C91D72D2DADD}
		{F56D0884-73F8-4E7F-82EE-9CB9EB8940C2} = {C2DBADDA-0F70-471E-A409-C91D72D2DADD}
		{068D3222-066E-4C4D-9455-0E98B115CD2F} = {C2DBADDA-0F70-471E-A409-C91D72D2DADD}
		{60EE0B74-F716-4CCC-AAC5-D3E279AA05EF} = {C2DBADDA-0F70-471E-A409-C91D72D2DADD}
		{C47A4C2B-8A73-4846-A340-053E340DD572} = {FBD33325-BD04-4DFB-9535-F3B9F734C6FF}
	EndGlobalSection
	GlobalSection(ExtensibilityGlobals) = postSolution
		SolutionGuid = {997FE61E-66C7-41D2-A758-D9F894951343}
	EndGlobalSection
EndGlobal
